
Microsoft Visual Studio Solution File, Format Version 12.00
# Visual Studio 15
VisualStudioVersion = 15.0.27130.2026
MinimumVisualStudioVersion = 10.0.40219.1
Project("{9A19103F-16F7-4668-BE54-9A1E7A4F7556}") = "ProMamaClub", "ProMamaClub\ProMamaClub.csproj", "{CA15E340-05EB-40E8-84E2-AFA6D58BA8AD}"
EndProject
Project("{E53339B2-1760-4266-BCC7-CA923CBCF16C}") = "docker-compose", "docker-compose.dcproj", "{931B2626-0510-4D16-A285-C2ED67FDE916}"
EndProject
Global
	GlobalSection(SolutionConfigurationPlatforms) = preSolution
		Debug|Any CPU = Debug|Any CPU
		Release|Any CPU = Release|Any CPU
	EndGlobalSection
	GlobalSection(ProjectConfigurationPlatforms) = postSolution
		{CA15E340-05EB-40E8-84E2-AFA6D58BA8AD}.Debug|Any CPU.ActiveCfg = Debug|Any CPU
		{CA15E340-05EB-40E8-84E2-AFA6D58BA8AD}.Debug|Any CPU.Build.0 = Debug|Any CPU
		{CA15E340-05EB-40E8-84E2-AFA6D58BA8AD}.Release|Any CPU.ActiveCfg = Release|Any CPU
		{CA15E340-05EB-40E8-84E2-AFA6D58BA8AD}.Release|Any CPU.Build.0 = Release|Any CPU
		{931B2626-0510-4D16-A285-C2ED67FDE916}.Debug|Any CPU.ActiveCfg = Debug|Any CPU
		{931B2626-0510-4D16-A285-C2ED67FDE916}.Debug|Any CPU.Build.0 = Debug|Any CPU
		{931B2626-0510-4D16-A285-C2ED67FDE916}.Release|Any CPU.ActiveCfg = Release|Any CPU
		{931B2626-0510-4D16-A285-C2ED67FDE916}.Release|Any CPU.Build.0 = Release|Any CPU
	EndGlobalSection
	GlobalSection(SolutionProperties) = preSolution
		HideSolutionNode = FALSE
	EndGlobalSection
	GlobalSection(ExtensibilityGlobals) = postSolution
		SolutionGuid = {FE8E0718-BB71-4C8E-8EE1-A39DFEFA8C92}
	EndGlobalSection
EndGlobal
